
Microsoft Visual Studio Solution File, Format Version 12.00
# Visual Studio Version 16
VisualStudioVersion = 16.0.29215.179
MinimumVisualStudioVersion = 10.0.40219.1
Project("{FAE04EC0-301F-11D3-BF4B-00C04F79EFBC}") = "MwangiFinancial", "MwangiFinancial\MwangiFinancial.csproj", "{95ECC1B8-EF2D-4875-9C69-3136CF789A88}"
EndProject
Global
	GlobalSection(SolutionConfigurationPlatforms) = preSolution
		Debug|Any CPU = Debug|Any CPU
		Release|Any CPU = Release|Any CPU
	EndGlobalSection
	GlobalSection(ProjectConfigurationPlatforms) = postSolution
		{95ECC1B8-EF2D-4875-9C69-3136CF789A88}.Debug|Any CPU.ActiveCfg = Debug|Any CPU
		{95ECC1B8-EF2D-4875-9C69-3136CF789A88}.Debug|Any CPU.Build.0 = Debug|Any CPU
		{95ECC1B8-EF2D-4875-9C69-3136CF789A88}.Release|Any CPU.ActiveCfg = Release|Any CPU
		{95ECC1B8-EF2D-4875-9C69-3136CF789A88}.Release|Any CPU.Build.0 = Release|Any CPU
	EndGlobalSection
	GlobalSection(SolutionProperties) = preSolution
		HideSolutionNode = FALSE
	EndGlobalSection
	GlobalSection(ExtensibilityGlobals) = postSolution
		SolutionGuid = {F7DAC0DB-3C90-45CD-B403-7B133E88EA36}
	EndGlobalSection
EndGlobal
